
Microsoft Visual Studio Solution File, Format Version 12.00
# Visual Studio Version 17
VisualStudioVersion = 17.8.34525.116
MinimumVisualStudioVersion = 10.0.40219.1
Project("{9A19103F-16F7-4668-BE54-9A1E7A4F7556}") = "KalkulatorStatystyczny", "KalkulatorStatystyczny\KalkulatorStatystyczny.csproj", "{62BB6364-8955-49E7-897A-E16EE2410B22}"
EndProject
Project("{9A19103F-16F7-4668-BE54-9A1E7A4F7556}") = "ListaZakupow", "ListaZakupow\ListaZakupow.csproj", "{A7AD7D74-F446-4A65-A3C3-40FE78444678}"
EndProject
Project("{9A19103F-16F7-4668-BE54-9A1E7A4F7556}") = "ListaZakupowDictionary(string,int)", "ListaZakupowDictionary(string,int)\ListaZakupowDictionary(string,int).csproj", "{963F4215-365D-4C06-8F7C-619D92E947DE}"
EndProject
Project("{FAE04EC0-301F-11D3-BF4B-00C04F79EFBC}") = "KolejkaZakupow", "KolejkaZakupow\KolejkaZakupow.csproj", "{F3877F7D-9D8A-458C-99BB-FAAF6A5D66D5}"
EndProject
Global
	GlobalSection(SolutionConfigurationPlatforms) = preSolution
		Debug|Any CPU = Debug|Any CPU
		Release|Any CPU = Release|Any CPU
	EndGlobalSection
	GlobalSection(ProjectConfigurationPlatforms) = postSolution
		{62BB6364-8955-49E7-897A-E16EE2410B22}.Debug|Any CPU.ActiveCfg = Debug|Any CPU
		{62BB6364-8955-49E7-897A-E16EE2410B22}.Debug|Any CPU.Build.0 = Debug|Any CPU
		{62BB6364-8955-49E7-897A-E16EE2410B22}.Release|Any CPU.ActiveCfg = Release|Any CPU
		{62BB6364-8955-49E7-897A-E16EE2410B22}.Release|Any CPU.Build.0 = Release|Any CPU
		{A7AD7D74-F446-4A65-A3C3-40FE78444678}.Debug|Any CPU.ActiveCfg = Debug|Any CPU
		{A7AD7D74-F446-4A65-A3C3-40FE78444678}.Debug|Any CPU.Build.0 = Debug|Any CPU
		{A7AD7D74-F446-4A65-A3C3-40FE78444678}.Release|Any CPU.ActiveCfg = Release|Any CPU
		{A7AD7D74-F446-4A65-A3C3-40FE78444678}.Release|Any CPU.Build.0 = Release|Any CPU
		{963F4215-365D-4C06-8F7C-619D92E947DE}.Debug|Any CPU.ActiveCfg = Debug|Any CPU
		{963F4215-365D-4C06-8F7C-619D92E947DE}.Debug|Any CPU.Build.0 = Debug|Any CPU
		{963F4215-365D-4C06-8F7C-619D92E947DE}.Release|Any CPU.ActiveCfg = Release|Any CPU
		{963F4215-365D-4C06-8F7C-619D92E947DE}.Release|Any CPU.Build.0 = Release|Any CPU
		{F3877F7D-9D8A-458C-99BB-FAAF6A5D66D5}.Debug|Any CPU.ActiveCfg = Debug|Any CPU
		{F3877F7D-9D8A-458C-99BB-FAAF6A5D66D5}.Debug|Any CPU.Build.0 = Debug|Any CPU
		{F3877F7D-9D8A-458C-99BB-FAAF6A5D66D5}.Release|Any CPU.ActiveCfg = Release|Any CPU
		{F3877F7D-9D8A-458C-99BB-FAAF6A5D66D5}.Release|Any CPU.Build.0 = Release|Any CPU
	EndGlobalSection
	GlobalSection(SolutionProperties) = preSolution
		HideSolutionNode = FALSE
	EndGlobalSection
	GlobalSection(ExtensibilityGlobals) = postSolution
		SolutionGuid = {7E192AAF-6AFC-4C93-B6A7-BC69B88B3A59}
	EndGlobalSection
EndGlobal
